
Microsoft Visual Studio Solution File, Format Version 12.00
# Visual Studio Version 17
VisualStudioVersion = 17.13.35919.96
MinimumVisualStudioVersion = 10.0.40219.1
Project("{888888A0-9F3D-457C-B088-3A5042F75D52}") = "DjangoWebProject1", "DjangoWebProject1\DjangoWebProject1.pyproj", "{59F9FB90-37AB-46CC-BF53-5E1F8AAD0909}"
EndProject
Global
	GlobalSection(SolutionConfigurationPlatforms) = preSolution
		Debug|Any CPU = Debug|Any CPU
		Release|Any CPU = Release|Any CPU
	EndGlobalSection
	GlobalSection(ProjectConfigurationPlatforms) = postSolution
		{59F9FB90-37AB-46CC-BF53-5E1F8AAD0909}.Debug|Any CPU.ActiveCfg = Debug|Any CPU
		{59F9FB90-37AB-46CC-BF53-5E1F8AAD0909}.Debug|Any CPU.Build.0 = Debug|Any CPU
		{59F9FB90-37AB-46CC-BF53-5E1F8AAD0909}.Release|Any CPU.ActiveCfg = Release|Any CPU
		{59F9FB90-37AB-46CC-BF53-5E1F8AAD0909}.Release|Any CPU.Build.0 = Release|Any CPU
	EndGlobalSection
	GlobalSection(SolutionProperties) = preSolution
		HideSolutionNode = FALSE
	EndGlobalSection
	GlobalSection(ExtensibilityGlobals) = postSolution
		SolutionGuid = {D1F213FA-2FDC-41B0-B26E-833930B8D21E}
	EndGlobalSection
EndGlobal
